{
    "_readme": [
        "This file locks the dependencies of your project to a known state",
        "Read more about it at http://getcomposer.org/doc/01-basic-usage.md#composer-lock-the-lock-file",
        "This file is @generated automatically"
    ],
    "hash": "82a749a61bafbfa8ae2cf3934d2ea029",
    "packages": [
        {
            "name": "tokushima/ebi",
            "version": "dev-master",
            "source": {
                "type": "git",
                "url": "https://github.com/tokushima/ebi.git",
                "reference": "64a79b00ef1e627f6dfa805ba7023c5cf906bf76"
            },
            "dist": {
                "type": "zip",
                "url": "https://api.github.com/repos/tokushima/ebi/zipball/64a79b00ef1e627f6dfa805ba7023c5cf906bf76",
                "reference": "64a79b00ef1e627f6dfa805ba7023c5cf906bf76",
                "shasum": ""
            },
            "require": {
                "php": ">=5.4.0"
            },
            "type": "library",
            "autoload": {
                "psr-0": {
                    "ebi": "src/"
                },
                "files": [
                    "bootstrap.php"
                ]
            },
            "notification-url": "https://packagist.org/downloads/",
            "license": [
                "MIT"
            ],
            "authors": [
                {
                    "name": "tokushima"
                }
            ],
            "time": "2014-07-11 07:14:07"
        }
    ],
    "packages-dev": [

    ],
    "aliases": [

    ],
    "minimum-stability": "stable",
    "stability-flags": {
        "tokushima/ebi": 20
    },
    "platform": {
        "php": ">=5.4.0"
    },
    "platform-dev": [

    ]
}
